// !$*UTF8*$!
{
	archiveVersion = 1;
	classes = {
	};
	objectVersion = 46;
	objects = {

/* Begin PBXBuildFile section */
		5EF76E151CC12D0600F912F9 /* YYSentinel.m in Sources */ = {isa = PBXBuildFile; fileRef = 5EF76E141CC12D0600F912F9 /* YYSentinel.m */; };
		FBAFF9B81CC10B1E00B3A47C /* FMSketchpadViewController.m in Sources */ = {isa = PBXBuildFile; fileRef = FBAFF9B71CC10B1E00B3A47C /* FMSketchpadViewController.m */; };
		FBF8334E1CBB3F1600F1C7B7 /* DrawRadiusViewController.m in Sources */ = {isa = PBXBuildFile; fileRef = FBF8334D1CBB3F1600F1C7B7 /* DrawRadiusViewController.m */; };
		FBF8335A1CBB4B7C00F1C7B7 /* FMRadiusImageView.m in Sources */ = {isa = PBXBuildFile; fileRef = FBF833591CBB4B7C00F1C7B7 /* FMRadiusImageView.m */; };
		FBF8335D1CBB4BDC00F1C7B7 /* FMRadiusLabel.m in Sources */ = {isa = PBXBuildFile; fileRef = FBF8335C1CBB4BDC00F1C7B7 /* FMRadiusLabel.m */; };
		FBF833631CBB8E5A00F1C7B7 /* UIImage+DrawRadius.m in Sources */ = {isa = PBXBuildFile; fileRef = FBF833621CBB8E5A00F1C7B7 /* UIImage+DrawRadius.m */; };
		FBFDF97C1C9FEE7C005F12FD /* main.m in Sources */ = {isa = PBXBuildFile; fileRef = FBFDF97B1C9FEE7C005F12FD /* main.m */; };
		FBFDF97F1C9FEE7C005F12FD /* AppDelegate.m in Sources */ = {isa = PBXBuildFile; fileRef = FBFDF97E1C9FEE7C005F12FD /* AppDelegate.m */; };
		FBFDF9821C9FEE7C005F12FD /* ViewController.m in Sources */ = {isa = PBXBuildFile; fileRef = FBFDF9811C9FEE7C005F12FD /* ViewController.m */; };
		FBFDF9851C9FEE7C005F12FD /* Main.storyboard in Resources */ = {isa = PBXBuildFile; fileRef = FBFDF9831C9FEE7C005F12FD /* Main.storyboard */; };
		FBFDF9871C9FEE7C005F12FD /* Assets.xcassets in Resources */ = {isa = PBXBuildFile; fileRef = FBFDF9861C9FEE7C005F12FD /* Assets.xcassets */; };
		FBFDF98A1C9FEE7C005F12FD /* LaunchScreen.storyboard in Resources */ = {isa = PBXBuildFile; fileRef = FBFDF9881C9FEE7C005F12FD /* LaunchScreen.storyboard */; };
		FBFDF9931C9FF3D5005F12FD /* IncTableViewCell.m in Sources */ = {isa = PBXBuildFile; fileRef = FBFDF9921C9FF3D5005F12FD /* IncTableViewCell.m */; };
		FBFDF9961C9FF531005F12FD /* CornerView.m in Sources */ = {isa = PBXBuildFile; fileRef = FBFDF9951C9FF531005F12FD /* CornerView.m */; };
/* End PBXBuildFile section */

/* Begin PBXFileReference section */
		5EF76E131CC12D0600F912F9 /* YYSentinel.h */ = {isa = PBXFileReference; fileEncoding = 4; lastKnownFileType = sourcecode.c.h; path = YYSentinel.h; sourceTree = "<group>"; };
		5EF76E141CC12D0600F912F9 /* YYSentinel.m */ = {isa = PBXFileReference; fileEncoding = 4; lastKnownFileType = sourcecode.c.objc; path = YYSentinel.m; sourceTree = "<group>"; };
		FBAFF9B61CC10B1E00B3A47C /* FMSketchpadViewController.h */ = {isa = PBXFileReference; fileEncoding = 4; lastKnownFileType = sourcecode.c.h; path = FMSketchpadViewController.h; sourceTree = "<group>"; };
		FBAFF9B71CC10B1E00B3A47C /* FMSketchpadViewController.m */ = {isa = PBXFileReference; fileEncoding = 4; lastKnownFileType = sourcecode.c.objc; path = FMSketchpadViewController.m; sourceTree = "<group>"; };
		FBF8334C1CBB3F1600F1C7B7 /* DrawRadiusViewController.h */ = {isa = PBXFileReference; fileEncoding = 4; lastKnownFileType = sourcecode.c.h; path = DrawRadiusViewController.h; sourceTree = "<group>"; };
		FBF8334D1CBB3F1600F1C7B7 /* DrawRadiusViewController.m */ = {isa = PBXFileReference; fileEncoding = 4; lastKnownFileType = sourcecode.c.objc; path = DrawRadiusViewController.m; sourceTree = "<group>"; };
		FBF833551CBB42B400F1C7B7 /* FMRadiusDrawProtocol.h */ = {isa = PBXFileReference; fileEncoding = 4; lastKnownFileType = sourcecode.c.h; path = FMRadiusDrawProtocol.h; sourceTree = "<group>"; };
		FBF833581CBB4B7C00F1C7B7 /* FMRadiusImageView.h */ = {isa = PBXFileReference; fileEncoding = 4; lastKnownFileType = sourcecode.c.h; path = FMRadiusImageView.h; sourceTree = "<group>"; };
		FBF833591CBB4B7C00F1C7B7 /* FMRadiusImageView.m */ = {isa = PBXFileReference; fileEncoding = 4; lastKnownFileType = sourcecode.c.objc; path = FMRadiusImageView.m; sourceTree = "<group>"; };
		FBF8335B1CBB4BDC00F1C7B7 /* FMRadiusLabel.h */ = {isa = PBXFileReference; fileEncoding = 4; lastKnownFileType = sourcecode.c.h; path = FMRadiusLabel.h; sourceTree = "<group>"; };
		FBF8335C1CBB4BDC00F1C7B7 /* FMRadiusLabel.m */ = {isa = PBXFileReference; fileEncoding = 4; lastKnownFileType = sourcecode.c.objc; path = FMRadiusLabel.m; sourceTree = "<group>"; };
		FBF833611CBB8E5A00F1C7B7 /* UIImage+DrawRadius.h */ = {isa = PBXFileReference; fileEncoding = 4; lastKnownFileType = sourcecode.c.h; path = "UIImage+DrawRadius.h"; sourceTree = "<group>"; };
		FBF833621CBB8E5A00F1C7B7 /* UIImage+DrawRadius.m */ = {isa = PBXFileReference; fileEncoding = 4; lastKnownFileType = sourcecode.c.objc; path = "UIImage+DrawRadius.m"; sourceTree = "<group>"; };
		FBFDF9771C9FEE7C005F12FD /* IncreasedInfluence.app */ = {isa = PBXFileReference; explicitFileType = wrapper.application; includeInIndex = 0; path = IncreasedInfluence.app; sourceTree = BUILT_PRODUCTS_DIR; };
		FBFDF97B1C9FEE7C005F12FD /* main.m */ = {isa = PBXFileReference; lastKnownFileType = sourcecode.c.objc; path = main.m; sourceTree = "<group>"; };
		FBFDF97D1C9FEE7C005F12FD /* AppDelegate.h */ = {isa = PBXFileReference; lastKnownFileType = sourcecode.c.h; path = AppDelegate.h; sourceTree = "<group>"; };
		FBFDF97E1C9FEE7C005F12FD /* AppDelegate.m */ = {isa = PBXFileReference; lastKnownFileType = sourcecode.c.objc; path = AppDelegate.m; sourceTree = "<group>"; };
		FBFDF9801C9FEE7C005F12FD /* ViewController.h */ = {isa = PBXFileReference; lastKnownFileType = sourcecode.c.h; path = ViewController.h; sourceTree = "<group>"; };
		FBFDF9811C9FEE7C005F12FD /* ViewController.m */ = {isa = PBXFileReference; lastKnownFileType = sourcecode.c.objc; path = ViewController.m; sourceTree = "<group>"; };
		FBFDF9841C9FEE7C005F12FD /* Base */ = {isa = PBXFileReference; lastKnownFileType = file.storyboard; name = Base; path = Base.lproj/Main.storyboard; sourceTree = "<group>"; };
		FBFDF9861C9FEE7C005F12FD /* Assets.xcassets */ = {isa = PBXFileReference; lastKnownFileType = folder.assetcatalog; path = Assets.xcassets; sourceTree = "<group>"; };
		FBFDF9891C9FEE7C005F12FD /* Base */ = {isa = PBXFileReference; lastKnownFileType = file.storyboard; name = Base; path = Base.lproj/LaunchScreen.storyboard; sourceTree = "<group>"; };
		FBFDF98B1C9FEE7C005F12FD /* Info.plist */ = {isa = PBXFileReference; lastKnownFileType = text.plist.xml; path = Info.plist; sourceTree = "<group>"; };
		FBFDF9911C9FF3D5005F12FD /* IncTableViewCell.h */ = {isa = PBXFileReference; fileEncoding = 4; lastKnownFileType = sourcecode.c.h; path = IncTableViewCell.h; sourceTree = "<group>"; };
		FBFDF9921C9FF3D5005F12FD /* IncTableViewCell.m */ = {isa = PBXFileReference; fileEncoding = 4; lastKnownFileType = sourcecode.c.objc; path = IncTableViewCell.m; sourceTree = "<group>"; };
		FBFDF9941C9FF531005F12FD /* CornerView.h */ = {isa = PBXFileReference; fileEncoding = 4; lastKnownFileType = sourcecode.c.h; path = CornerView.h; sourceTree = "<group>"; };
		FBFDF9951C9FF531005F12FD /* CornerView.m */ = {isa = PBXFileReference; fileEncoding = 4; lastKnownFileType = sourcecode.c.objc; path = CornerView.m; sourceTree = "<group>"; };
/* End PBXFileReference section */

/* Begin PBXFrameworksBuildPhase section */
		FBFDF9741C9FEE7C005F12FD /* Frameworks */ = {
			isa = PBXFrameworksBuildPhase;
			buildActionMask = 2147483647;
			files = (
			);
			runOnlyForDeploymentPostprocessing = 0;
		};
/* End PBXFrameworksBuildPhase section */

/* Begin PBXGroup section */
		FBF8334F1CBB407200F1C7B7 /* CornerDrawView */ = {
			isa = PBXGroup;
			children = (
				FBF833551CBB42B400F1C7B7 /* FMRadiusDrawProtocol.h */,
				FBF833581CBB4B7C00F1C7B7 /* FMRadiusImageView.h */,
				FBF833591CBB4B7C00F1C7B7 /* FMRadiusImageView.m */,
				FBF8335B1CBB4BDC00F1C7B7 /* FMRadiusLabel.h */,
				FBF8335C1CBB4BDC00F1C7B7 /* FMRadiusLabel.m */,
				FBF833611CBB8E5A00F1C7B7 /* UIImage+DrawRadius.h */,
				FBF833621CBB8E5A00F1C7B7 /* UIImage+DrawRadius.m */,
			);
			name = CornerDrawView;
			path = IncreasedInfluence;
			sourceTree = "<group>";
		};
		FBFDF96E1C9FEE7C005F12FD = {
			isa = PBXGroup;
			children = (
				FBF8334F1CBB407200F1C7B7 /* CornerDrawView */,
				FBFDF9791C9FEE7C005F12FD /* IncreasedInfluence */,
				FBFDF9781C9FEE7C005F12FD /* Products */,
			);
			sourceTree = "<group>";
		};
		FBFDF9781C9FEE7C005F12FD /* Products */ = {
			isa = PBXGroup;
			children = (
				FBFDF9771C9FEE7C005F12FD /* IncreasedInfluence.app */,
			);
			name = Products;
			sourceTree = "<group>";
		};
		FBFDF9791C9FEE7C005F12FD /* IncreasedInfluence */ = {
			isa = PBXGroup;
			children = (
				FBFDF97D1C9FEE7C005F12FD /* AppDelegate.h */,
				FBFDF97E1C9FEE7C005F12FD /* AppDelegate.m */,
				FBFDF9801C9FEE7C005F12FD /* ViewController.h */,
				FBFDF9811C9FEE7C005F12FD /* ViewController.m */,
				FBF8334C1CBB3F1600F1C7B7 /* DrawRadiusViewController.h */,
				FBF8334D1CBB3F1600F1C7B7 /* DrawRadiusViewController.m */,
				FBAFF9B61CC10B1E00B3A47C /* FMSketchpadViewController.h */,
				FBAFF9B71CC10B1E00B3A47C /* FMSketchpadViewController.m */,
				FBFDF9911C9FF3D5005F12FD /* IncTableViewCell.h */,
				FBFDF9921C9FF3D5005F12FD /* IncTableViewCell.m */,
				FBFDF9941C9FF531005F12FD /* CornerView.h */,
				FBFDF9951C9FF531005F12FD /* CornerView.m */,
				FBFDF9831C9FEE7C005F12FD /* Main.storyboard */,
				FBFDF9861C9FEE7C005F12FD /* Assets.xcassets */,
				FBFDF9881C9FEE7C005F12FD /* LaunchScreen.storyboard */,
				FBFDF98B1C9FEE7C005F12FD /* Info.plist */,
				FBFDF97A1C9FEE7C005F12FD /* Supporting Files */,
			);
			path = IncreasedInfluence;
			sourceTree = "<group>";
		};
		FBFDF97A1C9FEE7C005F12FD /* Supporting Files */ = {
			isa = PBXGroup;
			children = (
				5EF76E131CC12D0600F912F9 /* YYSentinel.h */,
				5EF76E141CC12D0600F912F9 /* YYSentinel.m */,
				FBFDF97B1C9FEE7C005F12FD /* main.m */,
			);
			name = "Supporting Files";
			sourceTree = "<group>";
		};
/* End PBXGroup section */

/* Begin PBXNativeTarget section */
		FBFDF9761C9FEE7C005F12FD /* IncreasedInfluence */ = {
			isa = PBXNativeTarget;
			buildConfigurationList = FBFDF98E1C9FEE7C005F12FD /* Build configuration list for PBXNativeTarget "IncreasedInfluence" */;
			buildPhases = (
				FBFDF9731C9FEE7C005F12FD /* Sources */,
				FBFDF9741C9FEE7C005F12FD /* Frameworks */,
				FBFDF9751C9FEE7C005F12FD /* Resources */,
			);
			buildRules = (
			);
			dependencies = (
			);
			name = IncreasedInfluence;
			productName = IncreasedInfluence;
			productReference = FBFDF9771C9FEE7C005F12FD /* IncreasedInfluence.app */;
			productType = "com.apple.product-type.application";
		};
/* End PBXNativeTarget section */

/* Begin PBXProject section */
		FBFDF96F1C9FEE7C005F12FD /* Project object */ = {
			isa = PBXProject;
			attributes = {
				LastUpgradeCheck = 0720;
				ORGANIZATIONNAME = isahuang;
				TargetAttributes = {
					FBFDF9761C9FEE7C005F12FD = {
						CreatedOnToolsVersion = 7.2.1;
						DevelopmentTeam = GN56AT779C;
					};
				};
			};
			buildConfigurationList = FBFDF9721C9FEE7C005F12FD /* Build configuration list for PBXProject "IncreasedInfluence" */;
			compatibilityVersion = "Xcode 3.2";
			developmentRegion = English;
			hasScannedForEncodings = 0;
			knownRegions = (
				en,
				Base,
			);
			mainGroup = FBFDF96E1C9FEE7C005F12FD;
			productRefGroup = FBFDF9781C9FEE7C005F12FD /* Products */;
			projectDirPath = "";
			projectRoot = "";
			targets = (
				FBFDF9761C9FEE7C005F12FD /* IncreasedInfluence */,
			);
		};
/* End PBXProject section */

/* Begin PBXResourcesBuildPhase section */
		FBFDF9751C9FEE7C005F12FD /* Resources */ = {
			isa = PBXResourcesBuildPhase;
			buildActionMask = 2147483647;
			files = (
				FBFDF98A1C9FEE7C005F12FD /* LaunchScreen.storyboard in Resources */,
				FBFDF9871C9FEE7C005F12FD /* Assets.xcassets in Resources */,
				FBFDF9851C9FEE7C005F12FD /* Main.storyboard in Resources */,
			);
			runOnlyForDeploymentPostprocessing = 0;
		};
/* End PBXResourcesBuildPhase section */

/* Begin PBXSourcesBuildPhase section */
		FBFDF9731C9FEE7C005F12FD /* Sources */ = {
			isa = PBXSourcesBuildPhase;
			buildActionMask = 2147483647;
			files = (
				FBFDF9961C9FF531005F12FD /* CornerView.m in Sources */,
				FBFDF9821C9FEE7C005F12FD /* ViewController.m in Sources */,
				FBF833631CBB8E5A00F1C7B7 /* UIImage+DrawRadius.m in Sources */,
				FBAFF9B81CC10B1E00B3A47C /* FMSketchpadViewController.m in Sources */,
				FBF8334E1CBB3F1600F1C7B7 /* DrawRadiusViewController.m in Sources */,
				FBFDF97F1C9FEE7C005F12FD /* AppDelegate.m in Sources */,
				5EF76E151CC12D0600F912F9 /* YYSentinel.m in Sources */,
				FBFDF9931C9FF3D5005F12FD /* IncTableViewCell.m in Sources */,
				FBFDF97C1C9FEE7C005F12FD /* main.m in Sources */,
				FBF8335D1CBB4BDC00F1C7B7 /* FMRadiusLabel.m in Sources */,
				FBF8335A1CBB4B7C00F1C7B7 /* FMRadiusImageView.m in Sources */,
			);
			runOnlyForDeploymentPostprocessing = 0;
		};
/* End PBXSourcesBuildPhase section */

/* Begin PBXVariantGroup section */
		FBFDF9831C9FEE7C005F12FD /* Main.storyboard */ = {
			isa = PBXVariantGroup;
			children = (
				FBFDF9841C9FEE7C005F12FD /* Base */,
			);
			name = Main.storyboard;
			sourceTree = "<group>";
		};
		FBFDF9881C9FEE7C005F12FD /* LaunchScreen.storyboard */ = {
			isa = PBXVariantGroup;
			children = (
				FBFDF9891C9FEE7C005F12FD /* Base */,
			);
			name = LaunchScreen.storyboard;
			sourceTree = "<group>";
		};
/* End PBXVariantGroup section */

/* Begin XCBuildConfiguration section */
		FBFDF98C1C9FEE7C005F12FD /* Debug */ = {
			isa = XCBuildConfiguration;
			buildSettings = {
				ALWAYS_SEARCH_USER_PATHS = NO;
				CLANG_CXX_LANGUAGE_STANDARD = "gnu++0x";
				CLANG_CXX_LIBRARY = "libc++";
				CLANG_ENABLE_MODULES = YES;
				CLANG_ENABLE_OBJC_ARC = YES;
				CLANG_WARN_BOOL_CONVERSION = YES;
				CLANG_WARN_CONSTANT_CONVERSION = YES;
				CLANG_WARN_DIRECT_OBJC_ISA_USAGE = YES_ERROR;
				CLANG_WARN_EMPTY_BODY = YES;
				CLANG_WARN_ENUM_CONVERSION = YES;
				CLANG_WARN_INT_CONVERSION = YES;
				CLANG_WARN_OBJC_ROOT_CLASS = YES_ERROR;
				CLANG_WARN_UNREACHABLE_CODE = YES;
				CLANG_WARN__DUPLICATE_METHOD_MATCH = YES;
				"CODE_SIGN_IDENTITY[sdk=iphoneos*]" = "iPhone Developer";
				COPY_PHASE_STRIP = NO;
				DEBUG_INFORMATION_FORMAT = dwarf;
				ENABLE_STRICT_OBJC_MSGSEND = YES;
				ENABLE_TESTABILITY = YES;
				GCC_C_LANGUAGE_STANDARD = gnu99;
				GCC_DYNAMIC_NO_PIC = NO;
				GCC_NO_COMMON_BLOCKS = YES;
				GCC_OPTIMIZATION_LEVEL = 0;
				GCC_PREPROCESSOR_DEFINITIONS = (
					"DEBUG=1",
					"$(inherited)",
				);
				GCC_WARN_64_TO_32_BIT_CONVERSION = YES;
				GCC_WARN_ABOUT_RETURN_TYPE = YES_ERROR;
				GCC_WARN_UNDECLARED_SELECTOR = YES;
				GCC_WARN_UNINITIALIZED_AUTOS = YES_AGGRESSIVE;
				GCC_WARN_UNUSED_FUNCTION = YES;
				GCC_WARN_UNUSED_VARIABLE = YES;
				IPHONEOS_DEPLOYMENT_TARGET = 9.2;
				MTL_ENABLE_DEBUG_INFO = YES;
				ONLY_ACTIVE_ARCH = YES;
				SDKROOT = iphoneos;
			};
			name = Debug;
		};
		FBFDF98D1C9FEE7C005F12FD /* Release */ = {
			isa = XCBuildConfiguration;
			buildSettings = {
				ALWAYS_SEARCH_USER_PATHS = NO;
				CLANG_CXX_LANGUAGE_STANDARD = "gnu++0x";
				CLANG_CXX_LIBRARY = "libc++";
				CLANG_ENABLE_MODULES = YES;
				CLANG_ENABLE_OBJC_ARC = YES;
				CLANG_WARN_BOOL_CONVERSION = YES;
				CLANG_WARN_CONSTANT_CONVERSION = YES;
				CLANG_WARN_DIRECT_OBJC_ISA_USAGE = YES_ERROR;
				CLANG_WARN_EMPTY_BODY = YES;
				CLANG_WARN_ENUM_CONVERSION = YES;
				CLANG_WARN_INT_CONVERSION = YES;
				CLANG_WARN_OBJC_ROOT_CLASS = YES_ERROR;
				CLANG_WARN_UNREACHABLE_CODE = YES;
				CLANG_WARN__DUPLICATE_METHOD_MATCH = YES;
				"CODE_SIGN_IDENTITY[sdk=iphoneos*]" = "iPhone Developer";
				COPY_PHASE_STRIP = NO;
				DEBUG_INFORMATION_FORMAT = "dwarf-with-dsym";
				ENABLE_NS_ASSERTIONS = NO;
				ENABLE_STRICT_OBJC_MSGSEND = YES;
				GCC_C_LANGUAGE_STANDARD = gnu99;
				GCC_NO_COMMON_BLOCKS = YES;
				GCC_WARN_64_TO_32_BIT_CONVERSION = YES;
				GCC_WARN_ABOUT_RETURN_TYPE = YES_ERROR;
				GCC_WARN_UNDECLARED_SELECTOR = YES;
				GCC_WARN_UNINITIALIZED_AUTOS = YES_AGGRESSIVE;
				GCC_WARN_UNUSED_FUNCTION = YES;
				GCC_WARN_UNUSED_VARIABLE = YES;
				IPHONEOS_DEPLOYMENT_TARGET = 9.2;
				MTL_ENABLE_DEBUG_INFO = NO;
				SDKROOT = iphoneos;
				VALIDATE_PRODUCT = YES;
			};
			name = Release;
		};
		FBFDF98F1C9FEE7C005F12FD /* Debug */ = {
			isa = XCBuildConfiguration;
			buildSettings = {
				ASSETCATALOG_COMPILER_APPICON_NAME = AppIcon;
				CODE_SIGN_IDENTITY = "iPhone Developer";
				INFOPLIST_FILE = IncreasedInfluence/Info.plist;
				IPHONEOS_DEPLOYMENT_TARGET = 8.1;
				LD_RUNPATH_SEARCH_PATHS = "$(inherited) @executable_path/Frameworks";
				PRODUCT_BUNDLE_IDENTIFIER = com.bignerdranch.IncreasedInfluence;
				PRODUCT_NAME = "$(TARGET_NAME)";
			};
			name = Debug;
		};
		FBFDF9901C9FEE7C005F12FD /* Release */ = {
			isa = XCBuildConfiguration;
			buildSettings = {
				ASSETCATALOG_COMPILER_APPICON_NAME = AppIcon;
				CODE_SIGN_IDENTITY = "iPhone Developer";
				INFOPLIST_FILE = IncreasedInfluence/Info.plist;
				IPHONEOS_DEPLOYMENT_TARGET = 8.1;
				LD_RUNPATH_SEARCH_PATHS = "$(inherited) @executable_path/Frameworks";
				PRODUCT_BUNDLE_IDENTIFIER = com.bignerdranch.IncreasedInfluence;
				PRODUCT_NAME = "$(TARGET_NAME)";
			};
			name = Release;
		};
/* End XCBuildConfiguration section */

/* Begin XCConfigurationList section */
		FBFDF9721C9FEE7C005F12FD /* Build configuration list for PBXProject "IncreasedInfluence" */ = {
			isa = XCConfigurationList;
			buildConfigurations = (
				FBFDF98C1C9FEE7C005F12FD /* Debug */,
				FBFDF98D1C9FEE7C005F12FD /* Release */,
			);
			defaultConfigurationIsVisible = 0;
			defaultConfigurationName = Release;
		};
		FBFDF98E1C9FEE7C005F12FD /* Build configuration list for PBXNativeTarget "IncreasedInfluence" */ = {
			isa = XCConfigurationList;
			buildConfigurations = (
				FBFDF98F1C9FEE7C005F12FD /* Debug */,
				FBFDF9901C9FEE7C005F12FD /* Release */,
			);
			defaultConfigurationIsVisible = 0;
			defaultConfigurationName = Release;
		};
/* End XCConfigurationList section */
	};
	rootObject = FBFDF96F1C9FEE7C005F12FD /* Project object */;
}
